// !$*UTF8*$!
{
	archiveVersion = 1;
	classes = {
	};
	objectVersion = 56;
	objects = {

/* Begin PBXBuildFile section */
		795F97532C18E4C80097C7FC /* solopromocionesApp.swift in Sources */ = {isa = PBXBuildFile; fileRef = 795F97522C18E4C80097C7FC /* solopromocionesApp.swift */; };
		795F97552C18E4C80097C7FC /* ContentView.swift in Sources */ = {isa = PBXBuildFile; fileRef = 795F97542C18E4C80097C7FC /* ContentView.swift */; };
		795F97572C18E4CA0097C7FC /* Assets.xcassets in Resources */ = {isa = PBXBuildFile; fileRef = 795F97562C18E4CA0097C7FC /* Assets.xcassets */; };
		795F975A2C18E4CA0097C7FC /* Preview Assets.xcassets in Resources */ = {isa = PBXBuildFile; fileRef = 795F97592C18E4CA0097C7FC /* Preview Assets.xcassets */; };
		795F975C2C18E4CA0097C7FC /* Persistence.swift in Sources */ = {isa = PBXBuildFile; fileRef = 795F975B2C18E4CA0097C7FC /* Persistence.swift */; };
		795F975F2C18E4CA0097C7FC /* solopromociones.xcdatamodeld in Sources */ = {isa = PBXBuildFile; fileRef = 795F975D2C18E4CA0097C7FC /* solopromociones.xcdatamodeld */; };
		795F97692C18E4CB0097C7FC /* solopromocionesTests.swift in Sources */ = {isa = PBXBuildFile; fileRef = 795F97682C18E4CB0097C7FC /* solopromocionesTests.swift */; };
		795F97732C18E4CB0097C7FC /* solopromocionesUITests.swift in Sources */ = {isa = PBXBuildFile; fileRef = 795F97722C18E4CB0097C7FC /* solopromocionesUITests.swift */; };
		795F97752C18E4CB0097C7FC /* solopromocionesUITestsLaunchTests.swift in Sources */ = {isa = PBXBuildFile; fileRef = 795F97742C18E4CB0097C7FC /* solopromocionesUITestsLaunchTests.swift */; };
/* End PBXBuildFile section */

/* Begin PBXContainerItemProxy section */
		795F97652C18E4CB0097C7FC /* PBXContainerItemProxy */ = {
			isa = PBXContainerItemProxy;
			containerPortal = 795F97472C18E4C80097C7FC /* Project object */;
			proxyType = 1;
			remoteGlobalIDString = 795F974E2C18E4C80097C7FC;
			remoteInfo = solopromociones;
		};
		795F976F2C18E4CB0097C7FC /* PBXContainerItemProxy */ = {
			isa = PBXContainerItemProxy;
			containerPortal = 795F97472C18E4C80097C7FC /* Project object */;
			proxyType = 1;
			remoteGlobalIDString = 795F974E2C18E4C80097C7FC;
			remoteInfo = solopromociones;
		};
/* End PBXContainerItemProxy section */

/* Begin PBXFileReference section */
		795F974F2C18E4C80097C7FC /* solopromociones.app */ = {isa = PBXFileReference; explicitFileType = wrapper.application; includeInIndex = 0; path = solopromociones.app; sourceTree = BUILT_PRODUCTS_DIR; };
		795F97522C18E4C80097C7FC /* solopromocionesApp.swift */ = {isa = PBXFileReference; lastKnownFileType = sourcecode.swift; path = solopromocionesApp.swift; sourceTree = "<group>"; };
		795F97542C18E4C80097C7FC /* ContentView.swift */ = {isa = PBXFileReference; lastKnownFileType = sourcecode.swift; path = ContentView.swift; sourceTree = "<group>"; };
		795F97562C18E4CA0097C7FC /* Assets.xcassets */ = {isa = PBXFileReference; lastKnownFileType = folder.assetcatalog; path = Assets.xcassets; sourceTree = "<group>"; };
		795F97592C18E4CA0097C7FC /* Preview Assets.xcassets */ = {isa = PBXFileReference; lastKnownFileType = folder.assetcatalog; path = "Preview Assets.xcassets"; sourceTree = "<group>"; };
		795F975B2C18E4CA0097C7FC /* Persistence.swift */ = {isa = PBXFileReference; lastKnownFileType = sourcecode.swift; path = Persistence.swift; sourceTree = "<group>"; };
		795F975E2C18E4CA0097C7FC /* solopromociones.xcdatamodel */ = {isa = PBXFileReference; lastKnownFileType = wrapper.xcdatamodel; path = solopromociones.xcdatamodel; sourceTree = "<group>"; };
		795F97642C18E4CB0097C7FC /* solopromocionesTests.xctest */ = {isa = PBXFileReference; explicitFileType = wrapper.cfbundle; includeInIndex = 0; path = solopromocionesTests.xctest; sourceTree = BUILT_PRODUCTS_DIR; };
		795F97682C18E4CB0097C7FC /* solopromocionesTests.swift */ = {isa = PBXFileReference; lastKnownFileType = sourcecode.swift; path = solopromocionesTests.swift; sourceTree = "<group>"; };
		795F976E2C18E4CB0097C7FC /* solopromocionesUITests.xctest */ = {isa = PBXFileReference; explicitFileType = wrapper.cfbundle; includeInIndex = 0; path = solopromocionesUITests.xctest; sourceTree = BUILT_PRODUCTS_DIR; };
		795F97722C18E4CB0097C7FC /* solopromocionesUITests.swift */ = {isa = PBXFileReference; lastKnownFileType = sourcecode.swift; path = solopromocionesUITests.swift; sourceTree = "<group>"; };
		795F97742C18E4CB0097C7FC /* solopromocionesUITestsLaunchTests.swift */ = {isa = PBXFileReference; lastKnownFileType = sourcecode.swift; path = solopromocionesUITestsLaunchTests.swift; sourceTree = "<group>"; };
/* End PBXFileReference section */

/* Begin PBXFrameworksBuildPhase section */
		795F974C2C18E4C80097C7FC /* Frameworks */ = {
			isa = PBXFrameworksBuildPhase;
			buildActionMask = 2147483647;
			files = (
			);
			runOnlyForDeploymentPostprocessing = 0;
		};
		795F97612C18E4CB0097C7FC /* Frameworks */ = {
			isa = PBXFrameworksBuildPhase;
			buildActionMask = 2147483647;
			files = (
			);
			runOnlyForDeploymentPostprocessing = 0;
		};
		795F976B2C18E4CB0097C7FC /* Frameworks */ = {
			isa = PBXFrameworksBuildPhase;
			buildActionMask = 2147483647;
			files = (
			);
			runOnlyForDeploymentPostprocessing = 0;
		};
/* End PBXFrameworksBuildPhase section */

/* Begin PBXGroup section */
		795F97462C18E4C80097C7FC = {
			isa = PBXGroup;
			children = (
				795F97512C18E4C80097C7FC /* solopromociones */,
				795F97672C18E4CB0097C7FC /* solopromocionesTests */,
				795F97712C18E4CB0097C7FC /* solopromocionesUITests */,
				795F97502C18E4C80097C7FC /* Products */,
			);
			sourceTree = "<group>";
		};
		795F97502C18E4C80097C7FC /* Products */ = {
			isa = PBXGroup;
			children = (
				795F974F2C18E4C80097C7FC /* solopromociones.app */,
				795F97642C18E4CB0097C7FC /* solopromocionesTests.xctest */,
				795F976E2C18E4CB0097C7FC /* solopromocionesUITests.xctest */,
			);
			name = Products;
			sourceTree = "<group>";
		};
		795F97512C18E4C80097C7FC /* solopromociones */ = {
			isa = PBXGroup;
			children = (
				795F97522C18E4C80097C7FC /* solopromocionesApp.swift */,
				795F97542C18E4C80097C7FC /* ContentView.swift */,
				795F97562C18E4CA0097C7FC /* Assets.xcassets */,
				795F975B2C18E4CA0097C7FC /* Persistence.swift */,
				795F975D2C18E4CA0097C7FC /* solopromociones.xcdatamodeld */,
				795F97582C18E4CA0097C7FC /* Preview Content */,
			);
			path = solopromociones;
			sourceTree = "<group>";
		};
		795F97582C18E4CA0097C7FC /* Preview Content */ = {
			isa = PBXGroup;
			children = (
				795F97592C18E4CA0097C7FC /* Preview Assets.xcassets */,
			);
			path = "Preview Content";
			sourceTree = "<group>";
		};
		795F97672C18E4CB0097C7FC /* solopromocionesTests */ = {
			isa = PBXGroup;
			children = (
				795F97682C18E4CB0097C7FC /* solopromocionesTests.swift */,
			);
			path = solopromocionesTests;
			sourceTree = "<group>";
		};
		795F97712C18E4CB0097C7FC /* solopromocionesUITests */ = {
			isa = PBXGroup;
			children = (
				795F97722C18E4CB0097C7FC /* solopromocionesUITests.swift */,
				795F97742C18E4CB0097C7FC /* solopromocionesUITestsLaunchTests.swift */,
			);
			path = solopromocionesUITests;
			sourceTree = "<group>";
		};
/* End PBXGroup section */

/* Begin PBXNativeTarget section */
		795F974E2C18E4C80097C7FC /* solopromociones */ = {
			isa = PBXNativeTarget;
			buildConfigurationList = 795F97782C18E4CB0097C7FC /* Build configuration list for PBXNativeTarget "solopromociones" */;
			buildPhases = (
				795F974B2C18E4C80097C7FC /* Sources */,
				795F974C2C18E4C80097C7FC /* Frameworks */,
				795F974D2C18E4C80097C7FC /* Resources */,
			);
			buildRules = (
			);
			dependencies = (
			);
			name = solopromociones;
			productName = solopromociones;
			productReference = 795F974F2C18E4C80097C7FC /* solopromociones.app */;
			productType = "com.apple.product-type.application";
		};
		795F97632C18E4CB0097C7FC /* solopromocionesTests */ = {
			isa = PBXNativeTarget;
			buildConfigurationList = 795F977B2C18E4CB0097C7FC /* Build configuration list for PBXNativeTarget "solopromocionesTests" */;
			buildPhases = (
				795F97602C18E4CB0097C7FC /* Sources */,
				795F97612C18E4CB0097C7FC /* Frameworks */,
				795F97622C18E4CB0097C7FC /* Resources */,
			);
			buildRules = (
			);
			dependencies = (
				795F97662C18E4CB0097C7FC /* PBXTargetDependency */,
			);
			name = solopromocionesTests;
			productName = solopromocionesTests;
			productReference = 795F97642C18E4CB0097C7FC /* solopromocionesTests.xctest */;
			productType = "com.apple.product-type.bundle.unit-test";
		};
		795F976D2C18E4CB0097C7FC /* solopromocionesUITests */ = {
			isa = PBXNativeTarget;
			buildConfigurationList = 795F977E2C18E4CB0097C7FC /* Build configuration list for PBXNativeTarget "solopromocionesUITests" */;
			buildPhases = (
				795F976A2C18E4CB0097C7FC /* Sources */,
				795F976B2C18E4CB0097C7FC /* Frameworks */,
				795F976C2C18E4CB0097C7FC /* Resources */,
			);
			buildRules = (
			);
			dependencies = (
				795F97702C18E4CB0097C7FC /* PBXTargetDependency */,
			);
			name = solopromocionesUITests;
			productName = solopromocionesUITests;
			productReference = 795F976E2C18E4CB0097C7FC /* solopromocionesUITests.xctest */;
			productType = "com.apple.product-type.bundle.ui-testing";
		};
/* End PBXNativeTarget section */

/* Begin PBXProject section */
		795F97472C18E4C80097C7FC /* Project object */ = {
			isa = PBXProject;
			attributes = {
				BuildIndependentTargetsInParallel = 1;
				LastSwiftUpdateCheck = 1430;
				LastUpgradeCheck = 1430;
				TargetAttributes = {
					795F974E2C18E4C80097C7FC = {
						CreatedOnToolsVersion = 14.3.1;
					};
					795F97632C18E4CB0097C7FC = {
						CreatedOnToolsVersion = 14.3.1;
						TestTargetID = 795F974E2C18E4C80097C7FC;
					};
					795F976D2C18E4CB0097C7FC = {
						CreatedOnToolsVersion = 14.3.1;
						TestTargetID = 795F974E2C18E4C80097C7FC;
					};
				};
			};
			buildConfigurationList = 795F974A2C18E4C80097C7FC /* Build configuration list for PBXProject "solopromociones" */;
			compatibilityVersion = "Xcode 14.0";
			developmentRegion = en;
			hasScannedForEncodings = 0;
			knownRegions = (
				en,
				Base,
			);
			mainGroup = 795F97462C18E4C80097C7FC;
			productRefGroup = 795F97502C18E4C80097C7FC /* Products */;
			projectDirPath = "";
			projectRoot = "";
			targets = (
				795F974E2C18E4C80097C7FC /* solopromociones */,
				795F97632C18E4CB0097C7FC /* solopromocionesTests */,
				795F976D2C18E4CB0097C7FC /* solopromocionesUITests */,
			);
		};
/* End PBXProject section */

/* Begin PBXResourcesBuildPhase section */
		795F974D2C18E4C80097C7FC /* Resources */ = {
			isa = PBXResourcesBuildPhase;
			buildActionMask = 2147483647;
			files = (
				795F975A2C18E4CA0097C7FC /* Preview Assets.xcassets in Resources */,
				795F97572C18E4CA0097C7FC /* Assets.xcassets in Resources */,
			);
			runOnlyForDeploymentPostprocessing = 0;
		};
		795F97622C18E4CB0097C7FC /* Resources */ = {
			isa = PBXResourcesBuildPhase;
			buildActionMask = 2147483647;
			files = (
			);
			runOnlyForDeploymentPostprocessing = 0;
		};
		795F976C2C18E4CB0097C7FC /* Resources */ = {
			isa = PBXResourcesBuildPhase;
			buildActionMask = 2147483647;
			files = (
			);
			runOnlyForDeploymentPostprocessing = 0;
		};
/* End PBXResourcesBuildPhase section */

/* Begin PBXSourcesBuildPhase section */
		795F974B2C18E4C80097C7FC /* Sources */ = {
			isa = PBXSourcesBuildPhase;
			buildActionMask = 2147483647;
			files = (
				795F975C2C18E4CA0097C7FC /* Persistence.swift in Sources */,
				795F97552C18E4C80097C7FC /* ContentView.swift in Sources */,
				795F97532C18E4C80097C7FC /* solopromocionesApp.swift in Sources */,
				795F975F2C18E4CA0097C7FC /* solopromociones.xcdatamodeld in Sources */,
			);
			runOnlyForDeploymentPostprocessing = 0;
		};
		795F97602C18E4CB0097C7FC /* Sources */ = {
			isa = PBXSourcesBuildPhase;
			buildActionMask = 2147483647;
			files = (
				795F97692C18E4CB0097C7FC /* solopromocionesTests.swift in Sources */,
			);
			runOnlyForDeploymentPostprocessing = 0;
		};
		795F976A2C18E4CB0097C7FC /* Sources */ = {
			isa = PBXSourcesBuildPhase;
			buildActionMask = 2147483647;
			files = (
				795F97752C18E4CB0097C7FC /* solopromocionesUITestsLaunchTests.swift in Sources */,
				795F97732C18E4CB0097C7FC /* solopromocionesUITests.swift in Sources */,
			);
			runOnlyForDeploymentPostprocessing = 0;
		};
/* End PBXSourcesBuildPhase section */

/* Begin PBXTargetDependency section */
		795F97662C18E4CB0097C7FC /* PBXTargetDependency */ = {
			isa = PBXTargetDependency;
			target = 795F974E2C18E4C80097C7FC /* solopromociones */;
			targetProxy = 795F97652C18E4CB0097C7FC /* PBXContainerItemProxy */;
		};
		795F97702C18E4CB0097C7FC /* PBXTargetDependency */ = {
			isa = PBXTargetDependency;
			target = 795F974E2C18E4C80097C7FC /* solopromociones */;
			targetProxy = 795F976F2C18E4CB0097C7FC /* PBXContainerItemProxy */;
		};
/* End PBXTargetDependency section */

/* Begin XCBuildConfiguration section */
		795F97762C18E4CB0097C7FC /* Debug */ = {
			isa = XCBuildConfiguration;
			buildSettings = {
				ALWAYS_SEARCH_USER_PATHS = NO;
				CLANG_ANALYZER_NONNULL = YES;
				CLANG_ANALYZER_NUMBER_OBJECT_CONVERSION = YES_AGGRESSIVE;
				CLANG_CXX_LANGUAGE_STANDARD = "gnu++20";
				CLANG_ENABLE_MODULES = YES;
				CLANG_ENABLE_OBJC_ARC = YES;
				CLANG_ENABLE_OBJC_WEAK = YES;
				CLANG_WARN_BLOCK_CAPTURE_AUTORELEASING = YES;
				CLANG_WARN_BOOL_CONVERSION = YES;
				CLANG_WARN_COMMA = YES;
				CLANG_WARN_CONSTANT_CONVERSION = YES;
				CLANG_WARN_DEPRECATED_OBJC_IMPLEMENTATIONS = YES;
				CLANG_WARN_DIRECT_OBJC_ISA_USAGE = YES_ERROR;
				CLANG_WARN_DOCUMENTATION_COMMENTS = YES;
				CLANG_WARN_EMPTY_BODY = YES;
				CLANG_WARN_ENUM_CONVERSION = YES;
				CLANG_WARN_INFINITE_RECURSION = YES;
				CLANG_WARN_INT_CONVERSION = YES;
				CLANG_WARN_NON_LITERAL_NULL_CONVERSION = YES;
				CLANG_WARN_OBJC_IMPLICIT_RETAIN_SELF = YES;
				CLANG_WARN_OBJC_LITERAL_CONVERSION = YES;
				CLANG_WARN_OBJC_ROOT_CLASS = YES_ERROR;
				CLANG_WARN_QUOTED_INCLUDE_IN_FRAMEWORK_HEADER = YES;
				CLANG_WARN_RANGE_LOOP_ANALYSIS = YES;
				CLANG_WARN_STRICT_PROTOTYPES = YES;
				CLANG_WARN_SUSPICIOUS_MOVE = YES;
				CLANG_WARN_UNGUARDED_AVAILABILITY = YES_AGGRESSIVE;
				CLANG_WARN_UNREACHABLE_CODE = YES;
				CLANG_WARN__DUPLICATE_METHOD_MATCH = YES;
				COPY_PHASE_STRIP = NO;
				DEBUG_INFORMATION_FORMAT = dwarf;
				ENABLE_STRICT_OBJC_MSGSEND = YES;
				ENABLE_TESTABILITY = YES;
				GCC_C_LANGUAGE_STANDARD = gnu11;
				GCC_DYNAMIC_NO_PIC = NO;
				GCC_NO_COMMON_BLOCKS = YES;
				GCC_OPTIMIZATION_LEVEL = 0;
				GCC_PREPROCESSOR_DEFINITIONS = (
					"DEBUG=1",
					"$(inherited)",
				);
				GCC_WARN_64_TO_32_BIT_CONVERSION = YES;
				GCC_WARN_ABOUT_RETURN_TYPE = YES_ERROR;
				GCC_WARN_UNDECLARED_SELECTOR = YES;
				GCC_WARN_UNINITIALIZED_AUTOS = YES_AGGRESSIVE;
				GCC_WARN_UNUSED_FUNCTION = YES;
				GCC_WARN_UNUSED_VARIABLE = YES;
				IPHONEOS_DEPLOYMENT_TARGET = 16.4;
				MTL_ENABLE_DEBUG_INFO = INCLUDE_SOURCE;
				MTL_FAST_MATH = YES;
				ONLY_ACTIVE_ARCH = YES;
				SDKROOT = iphoneos;
				SWIFT_ACTIVE_COMPILATION_CONDITIONS = DEBUG;
				SWIFT_OPTIMIZATION_LEVEL = "-Onone";
			};
			name = Debug;
		};
		795F97772C18E4CB0097C7FC /* Release */ = {
			isa = XCBuildConfiguration;
			buildSettings = {
				ALWAYS_SEARCH_USER_PATHS = NO;
				CLANG_ANALYZER_NONNULL = YES;
				CLANG_ANALYZER_NUMBER_OBJECT_CONVERSION = YES_AGGRESSIVE;
				CLANG_CXX_LANGUAGE_STANDARD = "gnu++20";
				CLANG_ENABLE_MODULES = YES;
				CLANG_ENABLE_OBJC_ARC = YES;
				CLANG_ENABLE_OBJC_WEAK = YES;
				CLANG_WARN_BLOCK_CAPTURE_AUTORELEASING = YES;
				CLANG_WARN_BOOL_CONVERSION = YES;
				CLANG_WARN_COMMA = YES;
				CLANG_WARN_CONSTANT_CONVERSION = YES;
				CLANG_WARN_DEPRECATED_OBJC_IMPLEMENTATIONS = YES;
				CLANG_WARN_DIRECT_OBJC_ISA_USAGE = YES_ERROR;
				CLANG_WARN_DOCUMENTATION_COMMENTS = YES;
				CLANG_WARN_EMPTY_BODY = YES;
				CLANG_WARN_ENUM_CONVERSION = YES;
				CLANG_WARN_INFINITE_RECURSION = YES;
				CLANG_WARN_INT_CONVERSION = YES;
				CLANG_WARN_NON_LITERAL_NULL_CONVERSION = YES;
				CLANG_WARN_OBJC_IMPLICIT_RETAIN_SELF = YES;
				CLANG_WARN_OBJC_LITERAL_CONVERSION = YES;
				CLANG_WARN_OBJC_ROOT_CLASS = YES_ERROR;
				CLANG_WARN_QUOTED_INCLUDE_IN_FRAMEWORK_HEADER = YES;
				CLANG_WARN_RANGE_LOOP_ANALYSIS = YES;
				CLANG_WARN_STRICT_PROTOTYPES = YES;
				CLANG_WARN_SUSPICIOUS_MOVE = YES;
				CLANG_WARN_UNGUARDED_AVAILABILITY = YES_AGGRESSIVE;
				CLANG_WARN_UNREACHABLE_CODE = YES;
				CLANG_WARN__DUPLICATE_METHOD_MATCH = YES;
				COPY_PHASE_STRIP = NO;
				DEBUG_INFORMATION_FORMAT = "dwarf-with-dsym";
				ENABLE_NS_ASSERTIONS = NO;
				ENABLE_STRICT_OBJC_MSGSEND = YES;
				GCC_C_LANGUAGE_STANDARD = gnu11;
				GCC_NO_COMMON_BLOCKS = YES;
				GCC_WARN_64_TO_32_BIT_CONVERSION = YES;
				GCC_WARN_ABOUT_RETURN_TYPE = YES_ERROR;
				GCC_WARN_UNDECLARED_SELECTOR = YES;
				GCC_WARN_UNINITIALIZED_AUTOS = YES_AGGRESSIVE;
				GCC_WARN_UNUSED_FUNCTION = YES;
				GCC_WARN_UNUSED_VARIABLE = YES;
				IPHONEOS_DEPLOYMENT_TARGET = 16.4;
				MTL_ENABLE_DEBUG_INFO = NO;
				MTL_FAST_MATH = YES;
				SDKROOT = iphoneos;
				SWIFT_COMPILATION_MODE = wholemodule;
				SWIFT_OPTIMIZATION_LEVEL = "-O";
				VALIDATE_PRODUCT = YES;
			};
			name = Release;
		};
		795F97792C18E4CB0097C7FC /* Debug */ = {
			isa = XCBuildConfiguration;
			buildSettings = {
				ASSETCATALOG_COMPILER_APPICON_NAME = AppIcon;
				ASSETCATALOG_COMPILER_GLOBAL_ACCENT_COLOR_NAME = AccentColor;
				CODE_SIGN_STYLE = Automatic;
				CURRENT_PROJECT_VERSION = 1;
				DEVELOPMENT_ASSET_PATHS = "\"solopromociones/Preview Content\"";
				DEVELOPMENT_TEAM = A28KN944JQ;
				ENABLE_PREVIEWS = YES;
				GENERATE_INFOPLIST_FILE = YES;
				INFOPLIST_KEY_UIApplicationSceneManifest_Generation = YES;
				INFOPLIST_KEY_UIApplicationSupportsIndirectInputEvents = YES;
				INFOPLIST_KEY_UILaunchScreen_Generation = YES;
				INFOPLIST_KEY_UISupportedInterfaceOrientations_iPad = "UIInterfaceOrientationPortrait UIInterfaceOrientationPortraitUpsideDown UIInterfaceOrientationLandscapeLeft UIInterfaceOrientationLandscapeRight";
				INFOPLIST_KEY_UISupportedInterfaceOrientations_iPhone = "UIInterfaceOrientationPortrait UIInterfaceOrientationLandscapeLeft UIInterfaceOrientationLandscapeRight";
				LD_RUNPATH_SEARCH_PATHS = (
					"$(inherited)",
					"@executable_path/Frameworks",
				);
				MARKETING_VERSION = 1.0;
				PRODUCT_BUNDLE_IDENTIFIER = ravit.com.solopromociones;
				PRODUCT_NAME = "$(TARGET_NAME)";
				SWIFT_EMIT_LOC_STRINGS = YES;
				SWIFT_VERSION = 5.0;
				TARGETED_DEVICE_FAMILY = "1,2";
			};
			name = Debug;
		};
		795F977A2C18E4CB0097C7FC /* Release */ = {
			isa = XCBuildConfiguration;
			buildSettings = {
				ASSETCATALOG_COMPILER_APPICON_NAME = AppIcon;
				ASSETCATALOG_COMPILER_GLOBAL_ACCENT_COLOR_NAME = AccentColor;
				CODE_SIGN_STYLE = Automatic;
				CURRENT_PROJECT_VERSION = 1;
				DEVELOPMENT_ASSET_PATHS = "\"solopromociones/Preview Content\"";
				DEVELOPMENT_TEAM = A28KN944JQ;
				ENABLE_PREVIEWS = YES;
				GENERATE_INFOPLIST_FILE = YES;
				INFOPLIST_KEY_UIApplicationSceneManifest_Generation = YES;
				INFOPLIST_KEY_UIApplicationSupportsIndirectInputEvents = YES;
				INFOPLIST_KEY_UILaunchScreen_Generation = YES;
				INFOPLIST_KEY_UISupportedInterfaceOrientations_iPad = "UIInterfaceOrientationPortrait UIInterfaceOrientationPortraitUpsideDown UIInterfaceOrientationLandscapeLeft UIInterfaceOrientationLandscapeRight";
				INFOPLIST_KEY_UISupportedInterfaceOrientations_iPhone = "UIInterfaceOrientationPortrait UIInterfaceOrientationLandscapeLeft UIInterfaceOrientationLandscapeRight";
				LD_RUNPATH_SEARCH_PATHS = (
					"$(inherited)",
					"@executable_path/Frameworks",
				);
				MARKETING_VERSION = 1.0;
				PRODUCT_BUNDLE_IDENTIFIER = ravit.com.solopromociones;
				PRODUCT_NAME = "$(TARGET_NAME)";
				SWIFT_EMIT_LOC_STRINGS = YES;
				SWIFT_VERSION = 5.0;
				TARGETED_DEVICE_FAMILY = "1,2";
			};
			name = Release;
		};
		795F977C2C18E4CB0097C7FC /* Debug */ = {
			isa = XCBuildConfiguration;
			buildSettings = {
				ALWAYS_EMBED_SWIFT_STANDARD_LIBRARIES = YES;
				BUNDLE_LOADER = "$(TEST_HOST)";
				CODE_SIGN_STYLE = Automatic;
				CURRENT_PROJECT_VERSION = 1;
				DEVELOPMENT_TEAM = A28KN944JQ;
				GENERATE_INFOPLIST_FILE = YES;
				IPHONEOS_DEPLOYMENT_TARGET = 16.4;
				MARKETING_VERSION = 1.0;
				PRODUCT_BUNDLE_IDENTIFIER = ravit.com.solopromocionesTests;
				PRODUCT_NAME = "$(TARGET_NAME)";
				SWIFT_EMIT_LOC_STRINGS = NO;
				SWIFT_VERSION = 5.0;
				TARGETED_DEVICE_FAMILY = "1,2";
				TEST_HOST = "$(BUILT_PRODUCTS_DIR)/solopromociones.app/$(BUNDLE_EXECUTABLE_FOLDER_PATH)/solopromociones";
			};
			name = Debug;
		};
		795F977D2C18E4CB0097C7FC /* Release */ = {
			isa = XCBuildConfiguration;
			buildSettings = {
				ALWAYS_EMBED_SWIFT_STANDARD_LIBRARIES = YES;
				BUNDLE_LOADER = "$(TEST_HOST)";
				CODE_SIGN_STYLE = Automatic;
				CURRENT_PROJECT_VERSION = 1;
				DEVELOPMENT_TEAM = A28KN944JQ;
				GENERATE_INFOPLIST_FILE = YES;
				IPHONEOS_DEPLOYMENT_TARGET = 16.4;
				MARKETING_VERSION = 1.0;
				PRODUCT_BUNDLE_IDENTIFIER = ravit.com.solopromocionesTests;
				PRODUCT_NAME = "$(TARGET_NAME)";
				SWIFT_EMIT_LOC_STRINGS = NO;
				SWIFT_VERSION = 5.0;
				TARGETED_DEVICE_FAMILY = "1,2";
				TEST_HOST = "$(BUILT_PRODUCTS_DIR)/solopromociones.app/$(BUNDLE_EXECUTABLE_FOLDER_PATH)/solopromociones";
			};
			name = Release;
		};
		795F977F2C18E4CB0097C7FC /* Debug */ = {
			isa = XCBuildConfiguration;
			buildSettings = {
				ALWAYS_EMBED_SWIFT_STANDARD_LIBRARIES = YES;
				CODE_SIGN_STYLE = Automatic;
				CURRENT_PROJECT_VERSION = 1;
				DEVELOPMENT_TEAM = A28KN944JQ;
				GENERATE_INFOPLIST_FILE = YES;
				MARKETING_VERSION = 1.0;
				PRODUCT_BUNDLE_IDENTIFIER = ravit.com.solopromocionesUITests;
				PRODUCT_NAME = "$(TARGET_NAME)";
				SWIFT_EMIT_LOC_STRINGS = NO;
				SWIFT_VERSION = 5.0;
				TARGETED_DEVICE_FAMILY = "1,2";
				TEST_TARGET_NAME = solopromociones;
			};
			name = Debug;
		};
		795F97802C18E4CB0097C7FC /* Release */ = {
			isa = XCBuildConfiguration;
			buildSettings = {
				ALWAYS_EMBED_SWIFT_STANDARD_LIBRARIES = YES;
				CODE_SIGN_STYLE = Automatic;
				CURRENT_PROJECT_VERSION = 1;
				DEVELOPMENT_TEAM = A28KN944JQ;
				GENERATE_INFOPLIST_FILE = YES;
				MARKETING_VERSION = 1.0;
				PRODUCT_BUNDLE_IDENTIFIER = ravit.com.solopromocionesUITests;
				PRODUCT_NAME = "$(TARGET_NAME)";
				SWIFT_EMIT_LOC_STRINGS = NO;
				SWIFT_VERSION = 5.0;
				TARGETED_DEVICE_FAMILY = "1,2";
				TEST_TARGET_NAME = solopromociones;
			};
			name = Release;
		};
/* End XCBuildConfiguration section */

/* Begin XCConfigurationList section */
		795F974A2C18E4C80097C7FC /* Build configuration list for PBXProject "solopromociones" */ = {
			isa = XCConfigurationList;
			buildConfigurations = (
				795F97762C18E4CB0097C7FC /* Debug */,
				795F97772C18E4CB0097C7FC /* Release */,
			);
			defaultConfigurationIsVisible = 0;
			defaultConfigurationName = Release;
		};
		795F97782C18E4CB0097C7FC /* Build configuration list for PBXNativeTarget "solopromociones" */ = {
			isa = XCConfigurationList;
			buildConfigurations = (
				795F97792C18E4CB0097C7FC /* Debug */,
				795F977A2C18E4CB0097C7FC /* Release */,
			);
			defaultConfigurationIsVisible = 0;
			defaultConfigurationName = Release;
		};
		795F977B2C18E4CB0097C7FC /* Build configuration list for PBXNativeTarget "solopromocionesTests" */ = {
			isa = XCConfigurationList;
			buildConfigurations = (
				795F977C2C18E4CB0097C7FC /* Debug */,
				795F977D2C18E4CB0097C7FC /* Release */,
			);
			defaultConfigurationIsVisible = 0;
			defaultConfigurationName = Release;
		};
		795F977E2C18E4CB0097C7FC /* Build configuration list for PBXNativeTarget "solopromocionesUITests" */ = {
			isa = XCConfigurationList;
			buildConfigurations = (
				795F977F2C18E4CB0097C7FC /* Debug */,
				795F97802C18E4CB0097C7FC /* Release */,
			);
			defaultConfigurationIsVisible = 0;
			defaultConfigurationName = Release;
		};
/* End XCConfigurationList section */

/* Begin XCVersionGroup section */
		795F975D2C18E4CA0097C7FC /* solopromociones.xcdatamodeld */ = {
			isa = XCVersionGroup;
			children = (
				795F975E2C18E4CA0097C7FC /* solopromociones.xcdatamodel */,
			);
			currentVersion = 795F975E2C18E4CA0097C7FC /* solopromociones.xcdatamodel */;
			path = solopromociones.xcdatamodeld;
			sourceTree = "<group>";
			versionGroupType = wrapper.xcdatamodel;
		};
/* End XCVersionGroup section */
	};
	rootObject = 795F97472C18E4C80097C7FC /* Project object */;
}
